// !$*UTF8*$!
{
	archiveVersion = 1;
	classes = {
	};
	objectVersion = 56;
	objects = {

/* Begin PBXBuildFile section */
		6C4A423C2A1FAF8D005D80A6 /* UserDetailViewController.swift in Sources */ = {isa = PBXBuildFile; fileRef = 6C4A423B2A1FAF8D005D80A6 /* UserDetailViewController.swift */; };
		6CBD6ABF2A1FA7C60063F2A6 /* AppDelegate.swift in Sources */ = {isa = PBXBuildFile; fileRef = 6CBD6ABE2A1FA7C60063F2A6 /* AppDelegate.swift */; };
		6CBD6AC12A1FA7C60063F2A6 /* SceneDelegate.swift in Sources */ = {isa = PBXBuildFile; fileRef = 6CBD6AC02A1FA7C60063F2A6 /* SceneDelegate.swift */; };
		6CBD6AC32A1FA7C60063F2A6 /* UsersViewController.swift in Sources */ = {isa = PBXBuildFile; fileRef = 6CBD6AC22A1FA7C60063F2A6 /* UsersViewController.swift */; };
		6CBD6AC62A1FA7C60063F2A6 /* Main.storyboard in Resources */ = {isa = PBXBuildFile; fileRef = 6CBD6AC42A1FA7C60063F2A6 /* Main.storyboard */; };
		6CBD6AC82A1FA7C70063F2A6 /* Assets.xcassets in Resources */ = {isa = PBXBuildFile; fileRef = 6CBD6AC72A1FA7C70063F2A6 /* Assets.xcassets */; };
		6CBD6ACB2A1FA7C70063F2A6 /* LaunchScreen.storyboard in Resources */ = {isa = PBXBuildFile; fileRef = 6CBD6AC92A1FA7C70063F2A6 /* LaunchScreen.storyboard */; };
		6CBD6AD42A1FA85C0063F2A6 /* UsersViewModel.swift in Sources */ = {isa = PBXBuildFile; fileRef = 6CBD6AD32A1FA85C0063F2A6 /* UsersViewModel.swift */; };
		6CBD6AD62A1FA8B20063F2A6 /* Observable.swift in Sources */ = {isa = PBXBuildFile; fileRef = 6CBD6AD52A1FA8B20063F2A6 /* Observable.swift */; };
		6CBD6AD82A1FA90F0063F2A6 /* TableCellViewModel.swift in Sources */ = {isa = PBXBuildFile; fileRef = 6CBD6AD72A1FA90F0063F2A6 /* TableCellViewModel.swift */; };
		6CBD6ADB2A1FAB560063F2A6 /* UserModel.swift in Sources */ = {isa = PBXBuildFile; fileRef = 6CBD6ADA2A1FAB560063F2A6 /* UserModel.swift */; };
/* End PBXBuildFile section */

/* Begin PBXFileReference section */
		6C4A423B2A1FAF8D005D80A6 /* UserDetailViewController.swift */ = {isa = PBXFileReference; lastKnownFileType = sourcecode.swift; path = UserDetailViewController.swift; sourceTree = "<group>"; };
		6CBD6ABB2A1FA7C60063F2A6 /* MVVMBindingDemo.app */ = {isa = PBXFileReference; explicitFileType = wrapper.application; includeInIndex = 0; path = MVVMBindingDemo.app; sourceTree = BUILT_PRODUCTS_DIR; };
		6CBD6ABE2A1FA7C60063F2A6 /* AppDelegate.swift */ = {isa = PBXFileReference; lastKnownFileType = sourcecode.swift; path = AppDelegate.swift; sourceTree = "<group>"; };
		6CBD6AC02A1FA7C60063F2A6 /* SceneDelegate.swift */ = {isa = PBXFileReference; lastKnownFileType = sourcecode.swift; path = SceneDelegate.swift; sourceTree = "<group>"; };
		6CBD6AC22A1FA7C60063F2A6 /* UsersViewController.swift */ = {isa = PBXFileReference; lastKnownFileType = sourcecode.swift; path = UsersViewController.swift; sourceTree = "<group>"; };
		6CBD6AC52A1FA7C60063F2A6 /* Base */ = {isa = PBXFileReference; lastKnownFileType = file.storyboard; name = Base; path = Base.lproj/Main.storyboard; sourceTree = "<group>"; };
		6CBD6AC72A1FA7C70063F2A6 /* Assets.xcassets */ = {isa = PBXFileReference; lastKnownFileType = folder.assetcatalog; path = Assets.xcassets; sourceTree = "<group>"; };
		6CBD6ACA2A1FA7C70063F2A6 /* Base */ = {isa = PBXFileReference; lastKnownFileType = file.storyboard; name = Base; path = Base.lproj/LaunchScreen.storyboard; sourceTree = "<group>"; };
		6CBD6ACC2A1FA7C70063F2A6 /* Info.plist */ = {isa = PBXFileReference; lastKnownFileType = text.plist.xml; path = Info.plist; sourceTree = "<group>"; };
		6CBD6AD32A1FA85C0063F2A6 /* UsersViewModel.swift */ = {isa = PBXFileReference; lastKnownFileType = sourcecode.swift; path = UsersViewModel.swift; sourceTree = "<group>"; };
		6CBD6AD52A1FA8B20063F2A6 /* Observable.swift */ = {isa = PBXFileReference; lastKnownFileType = sourcecode.swift; path = Observable.swift; sourceTree = "<group>"; };
		6CBD6AD72A1FA90F0063F2A6 /* TableCellViewModel.swift */ = {isa = PBXFileReference; lastKnownFileType = sourcecode.swift; path = TableCellViewModel.swift; sourceTree = "<group>"; };
		6CBD6ADA2A1FAB560063F2A6 /* UserModel.swift */ = {isa = PBXFileReference; lastKnownFileType = sourcecode.swift; path = UserModel.swift; sourceTree = "<group>"; };
/* End PBXFileReference section */

/* Begin PBXFrameworksBuildPhase section */
		6CBD6AB82A1FA7C60063F2A6 /* Frameworks */ = {
			isa = PBXFrameworksBuildPhase;
			buildActionMask = 2147483647;
			files = (
			);
			runOnlyForDeploymentPostprocessing = 0;
		};
/* End PBXFrameworksBuildPhase section */

/* Begin PBXGroup section */
		6CBD6AB22A1FA7C60063F2A6 = {
			isa = PBXGroup;
			children = (
				6CBD6ABD2A1FA7C60063F2A6 /* MVVMBindingDemo */,
				6CBD6ABC2A1FA7C60063F2A6 /* Products */,
			);
			sourceTree = "<group>";
		};
		6CBD6ABC2A1FA7C60063F2A6 /* Products */ = {
			isa = PBXGroup;
			children = (
				6CBD6ABB2A1FA7C60063F2A6 /* MVVMBindingDemo.app */,
			);
			name = Products;
			sourceTree = "<group>";
		};
		6CBD6ABD2A1FA7C60063F2A6 /* MVVMBindingDemo */ = {
			isa = PBXGroup;
			children = (
				6CBD6AD92A1FAB4C0063F2A6 /* Model */,
				6CBD6AD22A1FA8400063F2A6 /* ViewModel */,
				6CBD6ABE2A1FA7C60063F2A6 /* AppDelegate.swift */,
				6CBD6AC02A1FA7C60063F2A6 /* SceneDelegate.swift */,
				6CBD6ADC2A1FABE80063F2A6 /* View */,
				6CBD6AC42A1FA7C60063F2A6 /* Main.storyboard */,
				6CBD6AC72A1FA7C70063F2A6 /* Assets.xcassets */,
				6CBD6AC92A1FA7C70063F2A6 /* LaunchScreen.storyboard */,
				6CBD6ACC2A1FA7C70063F2A6 /* Info.plist */,
				6CBD6AD52A1FA8B20063F2A6 /* Observable.swift */,
			);
			path = MVVMBindingDemo;
			sourceTree = "<group>";
		};
		6CBD6AD22A1FA8400063F2A6 /* ViewModel */ = {
			isa = PBXGroup;
			children = (
				6CBD6AD32A1FA85C0063F2A6 /* UsersViewModel.swift */,
				6CBD6AD72A1FA90F0063F2A6 /* TableCellViewModel.swift */,
			);
			path = ViewModel;
			sourceTree = "<group>";
		};
		6CBD6AD92A1FAB4C0063F2A6 /* Model */ = {
			isa = PBXGroup;
			children = (
				6CBD6ADA2A1FAB560063F2A6 /* UserModel.swift */,
			);
			path = Model;
			sourceTree = "<group>";
		};
		6CBD6ADC2A1FABE80063F2A6 /* View */ = {
			isa = PBXGroup;
			children = (
				6CBD6AC22A1FA7C60063F2A6 /* UsersViewController.swift */,
				6C4A423B2A1FAF8D005D80A6 /* UserDetailViewController.swift */,
			);
			path = View;
			sourceTree = "<group>";
		};
/* End PBXGroup section */

/* Begin PBXNativeTarget section */
		6CBD6ABA2A1FA7C60063F2A6 /* MVVMBindingDemo */ = {
			isa = PBXNativeTarget;
			buildConfigurationList = 6CBD6ACF2A1FA7C70063F2A6 /* Build configuration list for PBXNativeTarget "MVVMBindingDemo" */;
			buildPhases = (
				6CBD6AB72A1FA7C60063F2A6 /* Sources */,
				6CBD6AB82A1FA7C60063F2A6 /* Frameworks */,
				6CBD6AB92A1FA7C60063F2A6 /* Resources */,
			);
			buildRules = (
			);
			dependencies = (
			);
			name = MVVMBindingDemo;
			productName = MVVMBindingDemo;
			productReference = 6CBD6ABB2A1FA7C60063F2A6 /* MVVMBindingDemo.app */;
			productType = "com.apple.product-type.application";
		};
/* End PBXNativeTarget section */

/* Begin PBXProject section */
		6CBD6AB32A1FA7C60063F2A6 /* Project object */ = {
			isa = PBXProject;
			attributes = {
				BuildIndependentTargetsInParallel = 1;
				LastSwiftUpdateCheck = 1430;
				LastUpgradeCheck = 1430;
				TargetAttributes = {
					6CBD6ABA2A1FA7C60063F2A6 = {
						CreatedOnToolsVersion = 14.3;
					};
				};
			};
			buildConfigurationList = 6CBD6AB62A1FA7C60063F2A6 /* Build configuration list for PBXProject "MVVMBindingDemo" */;
			compatibilityVersion = "Xcode 14.0";
			developmentRegion = en;
			hasScannedForEncodings = 0;
			knownRegions = (
				en,
				Base,
			);
			mainGroup = 6CBD6AB22A1FA7C60063F2A6;
			productRefGroup = 6CBD6ABC2A1FA7C60063F2A6 /* Products */;
			projectDirPath = "";
			projectRoot = "";
			targets = (
				6CBD6ABA2A1FA7C60063F2A6 /* MVVMBindingDemo */,
			);
		};
/* End PBXProject section */

/* Begin PBXResourcesBuildPhase section */
		6CBD6AB92A1FA7C60063F2A6 /* Resources */ = {
			isa = PBXResourcesBuildPhase;
			buildActionMask = 2147483647;
			files = (
				6CBD6ACB2A1FA7C70063F2A6 /* LaunchScreen.storyboard in Resources */,
				6CBD6AC82A1FA7C70063F2A6 /* Assets.xcassets in Resources */,
				6CBD6AC62A1FA7C60063F2A6 /* Main.storyboard in Resources */,
			);
			runOnlyForDeploymentPostprocessing = 0;
		};
/* End PBXResourcesBuildPhase section */

/* Begin PBXSourcesBuildPhase section */
		6CBD6AB72A1FA7C60063F2A6 /* Sources */ = {
			isa = PBXSourcesBuildPhase;
			buildActionMask = 2147483647;
			files = (
				6CBD6AC32A1FA7C60063F2A6 /* UsersViewController.swift in Sources */,
				6CBD6ADB2A1FAB560063F2A6 /* UserModel.swift in Sources */,
				6C4A423C2A1FAF8D005D80A6 /* UserDetailViewController.swift in Sources */,
				6CBD6AD82A1FA90F0063F2A6 /* TableCellViewModel.swift in Sources */,
				6CBD6AD62A1FA8B20063F2A6 /* Observable.swift in Sources */,
				6CBD6AD42A1FA85C0063F2A6 /* UsersViewModel.swift in Sources */,
				6CBD6ABF2A1FA7C60063F2A6 /* AppDelegate.swift in Sources */,
				6CBD6AC12A1FA7C60063F2A6 /* SceneDelegate.swift in Sources */,
			);
			runOnlyForDeploymentPostprocessing = 0;
		};
/* End PBXSourcesBuildPhase section */

/* Begin PBXVariantGroup section */
		6CBD6AC42A1FA7C60063F2A6 /* Main.storyboard */ = {
			isa = PBXVariantGroup;
			children = (
				6CBD6AC52A1FA7C60063F2A6 /* Base */,
			);
			name = Main.storyboard;
			sourceTree = "<group>";
		};
		6CBD6AC92A1FA7C70063F2A6 /* LaunchScreen.storyboard */ = {
			isa = PBXVariantGroup;
			children = (
				6CBD6ACA2A1FA7C70063F2A6 /* Base */,
			);
			name = LaunchScreen.storyboard;
			sourceTree = "<group>";
		};
/* End PBXVariantGroup section */

/* Begin XCBuildConfiguration section */
		6CBD6ACD2A1FA7C70063F2A6 /* Debug */ = {
			isa = XCBuildConfiguration;
			buildSettings = {
				ALWAYS_SEARCH_USER_PATHS = NO;
				CLANG_ANALYZER_NONNULL = YES;
				CLANG_ANALYZER_NUMBER_OBJECT_CONVERSION = YES_AGGRESSIVE;
				CLANG_CXX_LANGUAGE_STANDARD = "gnu++20";
				CLANG_ENABLE_MODULES = YES;
				CLANG_ENABLE_OBJC_ARC = YES;
				CLANG_ENABLE_OBJC_WEAK = YES;
				CLANG_WARN_BLOCK_CAPTURE_AUTORELEASING = YES;
				CLANG_WARN_BOOL_CONVERSION = YES;
				CLANG_WARN_COMMA = YES;
				CLANG_WARN_CONSTANT_CONVERSION = YES;
				CLANG_WARN_DEPRECATED_OBJC_IMPLEMENTATIONS = YES;
				CLANG_WARN_DIRECT_OBJC_ISA_USAGE = YES_ERROR;
				CLANG_WARN_DOCUMENTATION_COMMENTS = YES;
				CLANG_WARN_EMPTY_BODY = YES;
				CLANG_WARN_ENUM_CONVERSION = YES;
				CLANG_WARN_INFINITE_RECURSION = YES;
				CLANG_WARN_INT_CONVERSION = YES;
				CLANG_WARN_NON_LITERAL_NULL_CONVERSION = YES;
				CLANG_WARN_OBJC_IMPLICIT_RETAIN_SELF = YES;
				CLANG_WARN_OBJC_LITERAL_CONVERSION = YES;
				CLANG_WARN_OBJC_ROOT_CLASS = YES_ERROR;
				CLANG_WARN_QUOTED_INCLUDE_IN_FRAMEWORK_HEADER = YES;
				CLANG_WARN_RANGE_LOOP_ANALYSIS = YES;
				CLANG_WARN_STRICT_PROTOTYPES = YES;
				CLANG_WARN_SUSPICIOUS_MOVE = YES;
				CLANG_WARN_UNGUARDED_AVAILABILITY = YES_AGGRESSIVE;
				CLANG_WARN_UNREACHABLE_CODE = YES;
				CLANG_WARN__DUPLICATE_METHOD_MATCH = YES;
				COPY_PHASE_STRIP = NO;
				DEBUG_INFORMATION_FORMAT = dwarf;
				ENABLE_STRICT_OBJC_MSGSEND = YES;
				ENABLE_TESTABILITY = YES;
				GCC_C_LANGUAGE_STANDARD = gnu11;
				GCC_DYNAMIC_NO_PIC = NO;
				GCC_NO_COMMON_BLOCKS = YES;
				GCC_OPTIMIZATION_LEVEL = 0;
				GCC_PREPROCESSOR_DEFINITIONS = (
					"DEBUG=1",
					"$(inherited)",
				);
				GCC_WARN_64_TO_32_BIT_CONVERSION = YES;
				GCC_WARN_ABOUT_RETURN_TYPE = YES_ERROR;
				GCC_WARN_UNDECLARED_SELECTOR = YES;
				GCC_WARN_UNINITIALIZED_AUTOS = YES_AGGRESSIVE;
				GCC_WARN_UNUSED_FUNCTION = YES;
				GCC_WARN_UNUSED_VARIABLE = YES;
				IPHONEOS_DEPLOYMENT_TARGET = 16.4;
				MTL_ENABLE_DEBUG_INFO = INCLUDE_SOURCE;
				MTL_FAST_MATH = YES;
				ONLY_ACTIVE_ARCH = YES;
				SDKROOT = iphoneos;
				SWIFT_ACTIVE_COMPILATION_CONDITIONS = DEBUG;
				SWIFT_OPTIMIZATION_LEVEL = "-Onone";
			};
			name = Debug;
		};
		6CBD6ACE2A1FA7C70063F2A6 /* Release */ = {
			isa = XCBuildConfiguration;
			buildSettings = {
				ALWAYS_SEARCH_USER_PATHS = NO;
				CLANG_ANALYZER_NONNULL = YES;
				CLANG_ANALYZER_NUMBER_OBJECT_CONVERSION = YES_AGGRESSIVE;
				CLANG_CXX_LANGUAGE_STANDARD = "gnu++20";
				CLANG_ENABLE_MODULES = YES;
				CLANG_ENABLE_OBJC_ARC = YES;
				CLANG_ENABLE_OBJC_WEAK = YES;
				CLANG_WARN_BLOCK_CAPTURE_AUTORELEASING = YES;
				CLANG_WARN_BOOL_CONVERSION = YES;
				CLANG_WARN_COMMA = YES;
				CLANG_WARN_CONSTANT_CONVERSION = YES;
				CLANG_WARN_DEPRECATED_OBJC_IMPLEMENTATIONS = YES;
				CLANG_WARN_DIRECT_OBJC_ISA_USAGE = YES_ERROR;
				CLANG_WARN_DOCUMENTATION_COMMENTS = YES;
				CLANG_WARN_EMPTY_BODY = YES;
				CLANG_WARN_ENUM_CONVERSION = YES;
				CLANG_WARN_INFINITE_RECURSION = YES;
				CLANG_WARN_INT_CONVERSION = YES;
				CLANG_WARN_NON_LITERAL_NULL_CONVERSION = YES;
				CLANG_WARN_OBJC_IMPLICIT_RETAIN_SELF = YES;
				CLANG_WARN_OBJC_LITERAL_CONVERSION = YES;
				CLANG_WARN_OBJC_ROOT_CLASS = YES_ERROR;
				CLANG_WARN_QUOTED_INCLUDE_IN_FRAMEWORK_HEADER = YES;
				CLANG_WARN_RANGE_LOOP_ANALYSIS = YES;
				CLANG_WARN_STRICT_PROTOTYPES = YES;
				CLANG_WARN_SUSPICIOUS_MOVE = YES;
				CLANG_WARN_UNGUARDED_AVAILABILITY = YES_AGGRESSIVE;
				CLANG_WARN_UNREACHABLE_CODE = YES;
				CLANG_WARN__DUPLICATE_METHOD_MATCH = YES;
				COPY_PHASE_STRIP = NO;
				DEBUG_INFORMATION_FORMAT = "dwarf-with-dsym";
				ENABLE_NS_ASSERTIONS = NO;
				ENABLE_STRICT_OBJC_MSGSEND = YES;
				GCC_C_LANGUAGE_STANDARD = gnu11;
				GCC_NO_COMMON_BLOCKS = YES;
				GCC_WARN_64_TO_32_BIT_CONVERSION = YES;
				GCC_WARN_ABOUT_RETURN_TYPE = YES_ERROR;
				GCC_WARN_UNDECLARED_SELECTOR = YES;
				GCC_WARN_UNINITIALIZED_AUTOS = YES_AGGRESSIVE;
				GCC_WARN_UNUSED_FUNCTION = YES;
				GCC_WARN_UNUSED_VARIABLE = YES;
				IPHONEOS_DEPLOYMENT_TARGET = 16.4;
				MTL_ENABLE_DEBUG_INFO = NO;
				MTL_FAST_MATH = YES;
				SDKROOT = iphoneos;
				SWIFT_COMPILATION_MODE = wholemodule;
				SWIFT_OPTIMIZATION_LEVEL = "-O";
				VALIDATE_PRODUCT = YES;
			};
			name = Release;
		};
		6CBD6AD02A1FA7C70063F2A6 /* Debug */ = {
			isa = XCBuildConfiguration;
			buildSettings = {
				ASSETCATALOG_COMPILER_APPICON_NAME = AppIcon;
				ASSETCATALOG_COMPILER_GLOBAL_ACCENT_COLOR_NAME = AccentColor;
				CODE_SIGN_STYLE = Automatic;
				CURRENT_PROJECT_VERSION = 1;
				DEVELOPMENT_TEAM = 28Z45T22J2;
				GENERATE_INFOPLIST_FILE = YES;
				INFOPLIST_FILE = MVVMBindingDemo/Info.plist;
				INFOPLIST_KEY_UIApplicationSupportsIndirectInputEvents = YES;
				INFOPLIST_KEY_UILaunchStoryboardName = LaunchScreen;
				INFOPLIST_KEY_UIMainStoryboardFile = Main;
				INFOPLIST_KEY_UISupportedInterfaceOrientations_iPad = "UIInterfaceOrientationPortrait UIInterfaceOrientationPortraitUpsideDown UIInterfaceOrientationLandscapeLeft UIInterfaceOrientationLandscapeRight";
				INFOPLIST_KEY_UISupportedInterfaceOrientations_iPhone = "UIInterfaceOrientationPortrait UIInterfaceOrientationLandscapeLeft UIInterfaceOrientationLandscapeRight";
				IPHONEOS_DEPLOYMENT_TARGET = 16.1;
				LD_RUNPATH_SEARCH_PATHS = (
					"$(inherited)",
					"@executable_path/Frameworks",
				);
				MARKETING_VERSION = 1.0;
				PRODUCT_BUNDLE_IDENTIFIER = com.rotadevsolutions.MVVMBindingDemo;
				PRODUCT_NAME = "$(TARGET_NAME)";
				SWIFT_EMIT_LOC_STRINGS = YES;
				SWIFT_VERSION = 5.0;
				TARGETED_DEVICE_FAMILY = "1,2";
			};
			name = Debug;
		};
		6CBD6AD12A1FA7C70063F2A6 /* Release */ = {
			isa = XCBuildConfiguration;
			buildSettings = {
				ASSETCATALOG_COMPILER_APPICON_NAME = AppIcon;
				ASSETCATALOG_COMPILER_GLOBAL_ACCENT_COLOR_NAME = AccentColor;
				CODE_SIGN_STYLE = Automatic;
				CURRENT_PROJECT_VERSION = 1;
				DEVELOPMENT_TEAM = 28Z45T22J2;
				GENERATE_INFOPLIST_FILE = YES;
				INFOPLIST_FILE = MVVMBindingDemo/Info.plist;
				INFOPLIST_KEY_UIApplicationSupportsIndirectInputEvents = YES;
				INFOPLIST_KEY_UILaunchStoryboardName = LaunchScreen;
				INFOPLIST_KEY_UIMainStoryboardFile = Main;
				INFOPLIST_KEY_UISupportedInterfaceOrientations_iPad = "UIInterfaceOrientationPortrait UIInterfaceOrientationPortraitUpsideDown UIInterfaceOrientationLandscapeLeft UIInterfaceOrientationLandscapeRight";
				INFOPLIST_KEY_UISupportedInterfaceOrientations_iPhone = "UIInterfaceOrientationPortrait UIInterfaceOrientationLandscapeLeft UIInterfaceOrientationLandscapeRight";
				IPHONEOS_DEPLOYMENT_TARGET = 16.1;
				LD_RUNPATH_SEARCH_PATHS = (
					"$(inherited)",
					"@executable_path/Frameworks",
				);
				MARKETING_VERSION = 1.0;
				PRODUCT_BUNDLE_IDENTIFIER = com.rotadevsolutions.MVVMBindingDemo;
				PRODUCT_NAME = "$(TARGET_NAME)";
				SWIFT_EMIT_LOC_STRINGS = YES;
				SWIFT_VERSION = 5.0;
				TARGETED_DEVICE_FAMILY = "1,2";
			};
			name = Release;
		};
/* End XCBuildConfiguration section */

/* Begin XCConfigurationList section */
		6CBD6AB62A1FA7C60063F2A6 /* Build configuration list for PBXProject "MVVMBindingDemo" */ = {
			isa = XCConfigurationList;
			buildConfigurations = (
				6CBD6ACD2A1FA7C70063F2A6 /* Debug */,
				6CBD6ACE2A1FA7C70063F2A6 /* Release */,
			);
			defaultConfigurationIsVisible = 0;
			defaultConfigurationName = Release;
		};
		6CBD6ACF2A1FA7C70063F2A6 /* Build configuration list for PBXNativeTarget "MVVMBindingDemo" */ = {
			isa = XCConfigurationList;
			buildConfigurations = (
				6CBD6AD02A1FA7C70063F2A6 /* Debug */,
				6CBD6AD12A1FA7C70063F2A6 /* Release */,
			);
			defaultConfigurationIsVisible = 0;
			defaultConfigurationName = Release;
		};
/* End XCConfigurationList section */
	};
	rootObject = 6CBD6AB32A1FA7C60063F2A6 /* Project object */;
}
